// !$*UTF8*$!
{
	archiveVersion = 1;
	classes = {
	};
	objectVersion = 50;
	objects = {

/* Begin PBXBuildFile section */
		84CCA52427083B32001CF453 /* AppDelegate.swift in Sources */ = {isa = PBXBuildFile; fileRef = 84CCA52327083B32001CF453 /* AppDelegate.swift */; };
		84CCA52627083B32001CF453 /* SceneDelegate.swift in Sources */ = {isa = PBXBuildFile; fileRef = 84CCA52527083B32001CF453 /* SceneDelegate.swift */; };
		84CCA52827083B32001CF453 /* ViewController.swift in Sources */ = {isa = PBXBuildFile; fileRef = 84CCA52727083B32001CF453 /* ViewController.swift */; };
		84CCA52B27083B32001CF453 /* Main.storyboard in Resources */ = {isa = PBXBuildFile; fileRef = 84CCA52927083B32001CF453 /* Main.storyboard */; };
		84CCA52D27083B36001CF453 /* Assets.xcassets in Resources */ = {isa = PBXBuildFile; fileRef = 84CCA52C27083B36001CF453 /* Assets.xcassets */; };
		84CCA53027083B36001CF453 /* LaunchScreen.storyboard in Resources */ = {isa = PBXBuildFile; fileRef = 84CCA52E27083B36001CF453 /* LaunchScreen.storyboard */; };
		84CCA53B27083B36001CF453 /* ContactBookTests.swift in Sources */ = {isa = PBXBuildFile; fileRef = 84CCA53A27083B36001CF453 /* ContactBookTests.swift */; };
		84CCA54627083B37001CF453 /* ContactBookUITests.swift in Sources */ = {isa = PBXBuildFile; fileRef = 84CCA54527083B37001CF453 /* ContactBookUITests.swift */; };
/* End PBXBuildFile section */

/* Begin PBXContainerItemProxy section */
		84CCA53727083B36001CF453 /* PBXContainerItemProxy */ = {
			isa = PBXContainerItemProxy;
			containerPortal = 84CCA51827083B32001CF453 /* Project object */;
			proxyType = 1;
			remoteGlobalIDString = 84CCA51F27083B32001CF453;
			remoteInfo = ContactBook;
		};
		84CCA54227083B37001CF453 /* PBXContainerItemProxy */ = {
			isa = PBXContainerItemProxy;
			containerPortal = 84CCA51827083B32001CF453 /* Project object */;
			proxyType = 1;
			remoteGlobalIDString = 84CCA51F27083B32001CF453;
			remoteInfo = ContactBook;
		};
/* End PBXContainerItemProxy section */

/* Begin PBXFileReference section */
		84CCA52027083B32001CF453 /* ContactBook.app */ = {isa = PBXFileReference; explicitFileType = wrapper.application; includeInIndex = 0; path = ContactBook.app; sourceTree = BUILT_PRODUCTS_DIR; };
		84CCA52327083B32001CF453 /* AppDelegate.swift */ = {isa = PBXFileReference; lastKnownFileType = sourcecode.swift; path = AppDelegate.swift; sourceTree = "<group>"; };
		84CCA52527083B32001CF453 /* SceneDelegate.swift */ = {isa = PBXFileReference; lastKnownFileType = sourcecode.swift; path = SceneDelegate.swift; sourceTree = "<group>"; };
		84CCA52727083B32001CF453 /* ViewController.swift */ = {isa = PBXFileReference; lastKnownFileType = sourcecode.swift; path = ViewController.swift; sourceTree = "<group>"; };
		84CCA52A27083B32001CF453 /* Base */ = {isa = PBXFileReference; lastKnownFileType = file.storyboard; name = Base; path = Base.lproj/Main.storyboard; sourceTree = "<group>"; };
		84CCA52C27083B36001CF453 /* Assets.xcassets */ = {isa = PBXFileReference; lastKnownFileType = folder.assetcatalog; path = Assets.xcassets; sourceTree = "<group>"; };
		84CCA52F27083B36001CF453 /* Base */ = {isa = PBXFileReference; lastKnownFileType = file.storyboard; name = Base; path = Base.lproj/LaunchScreen.storyboard; sourceTree = "<group>"; };
		84CCA53127083B36001CF453 /* Info.plist */ = {isa = PBXFileReference; lastKnownFileType = text.plist.xml; path = Info.plist; sourceTree = "<group>"; };
		84CCA53627083B36001CF453 /* ContactBookTests.xctest */ = {isa = PBXFileReference; explicitFileType = wrapper.cfbundle; includeInIndex = 0; path = ContactBookTests.xctest; sourceTree = BUILT_PRODUCTS_DIR; };
		84CCA53A27083B36001CF453 /* ContactBookTests.swift */ = {isa = PBXFileReference; lastKnownFileType = sourcecode.swift; path = ContactBookTests.swift; sourceTree = "<group>"; };
		84CCA53C27083B36001CF453 /* Info.plist */ = {isa = PBXFileReference; lastKnownFileType = text.plist.xml; path = Info.plist; sourceTree = "<group>"; };
		84CCA54127083B37001CF453 /* ContactBookUITests.xctest */ = {isa = PBXFileReference; explicitFileType = wrapper.cfbundle; includeInIndex = 0; path = ContactBookUITests.xctest; sourceTree = BUILT_PRODUCTS_DIR; };
		84CCA54527083B37001CF453 /* ContactBookUITests.swift */ = {isa = PBXFileReference; lastKnownFileType = sourcecode.swift; path = ContactBookUITests.swift; sourceTree = "<group>"; };
		84CCA54727083B37001CF453 /* Info.plist */ = {isa = PBXFileReference; lastKnownFileType = text.plist.xml; path = Info.plist; sourceTree = "<group>"; };
/* End PBXFileReference section */

/* Begin PBXFrameworksBuildPhase section */
		84CCA51D27083B32001CF453 /* Frameworks */ = {
			isa = PBXFrameworksBuildPhase;
			buildActionMask = 2147483647;
			files = (
			);
			runOnlyForDeploymentPostprocessing = 0;
		};
		84CCA53327083B36001CF453 /* Frameworks */ = {
			isa = PBXFrameworksBuildPhase;
			buildActionMask = 2147483647;
			files = (
			);
			runOnlyForDeploymentPostprocessing = 0;
		};
		84CCA53E27083B37001CF453 /* Frameworks */ = {
			isa = PBXFrameworksBuildPhase;
			buildActionMask = 2147483647;
			files = (
			);
			runOnlyForDeploymentPostprocessing = 0;
		};
/* End PBXFrameworksBuildPhase section */

/* Begin PBXGroup section */
		84CCA51727083B32001CF453 = {
			isa = PBXGroup;
			children = (
				84CCA52227083B32001CF453 /* ContactBook */,
				84CCA53927083B36001CF453 /* ContactBookTests */,
				84CCA54427083B37001CF453 /* ContactBookUITests */,
				84CCA52127083B32001CF453 /* Products */,
			);
			sourceTree = "<group>";
		};
		84CCA52127083B32001CF453 /* Products */ = {
			isa = PBXGroup;
			children = (
				84CCA52027083B32001CF453 /* ContactBook.app */,
				84CCA53627083B36001CF453 /* ContactBookTests.xctest */,
				84CCA54127083B37001CF453 /* ContactBookUITests.xctest */,
			);
			name = Products;
			sourceTree = "<group>";
		};
		84CCA52227083B32001CF453 /* ContactBook */ = {
			isa = PBXGroup;
			children = (
				84CCA52327083B32001CF453 /* AppDelegate.swift */,
				84CCA52527083B32001CF453 /* SceneDelegate.swift */,
				84CCA52727083B32001CF453 /* ViewController.swift */,
				84CCA52927083B32001CF453 /* Main.storyboard */,
				84CCA52C27083B36001CF453 /* Assets.xcassets */,
				84CCA52E27083B36001CF453 /* LaunchScreen.storyboard */,
				84CCA53127083B36001CF453 /* Info.plist */,
			);
			path = ContactBook;
			sourceTree = "<group>";
		};
		84CCA53927083B36001CF453 /* ContactBookTests */ = {
			isa = PBXGroup;
			children = (
				84CCA53A27083B36001CF453 /* ContactBookTests.swift */,
				84CCA53C27083B36001CF453 /* Info.plist */,
			);
			path = ContactBookTests;
			sourceTree = "<group>";
		};
		84CCA54427083B37001CF453 /* ContactBookUITests */ = {
			isa = PBXGroup;
			children = (
				84CCA54527083B37001CF453 /* ContactBookUITests.swift */,
				84CCA54727083B37001CF453 /* Info.plist */,
			);
			path = ContactBookUITests;
			sourceTree = "<group>";
		};
/* End PBXGroup section */

/* Begin PBXNativeTarget section */
		84CCA51F27083B32001CF453 /* ContactBook */ = {
			isa = PBXNativeTarget;
			buildConfigurationList = 84CCA54A27083B37001CF453 /* Build configuration list for PBXNativeTarget "ContactBook" */;
			buildPhases = (
				84CCA51C27083B32001CF453 /* Sources */,
				84CCA51D27083B32001CF453 /* Frameworks */,
				84CCA51E27083B32001CF453 /* Resources */,
			);
			buildRules = (
			);
			dependencies = (
			);
			name = ContactBook;
			productName = ContactBook;
			productReference = 84CCA52027083B32001CF453 /* ContactBook.app */;
			productType = "com.apple.product-type.application";
		};
		84CCA53527083B36001CF453 /* ContactBookTests */ = {
			isa = PBXNativeTarget;
			buildConfigurationList = 84CCA54D27083B37001CF453 /* Build configuration list for PBXNativeTarget "ContactBookTests" */;
			buildPhases = (
				84CCA53227083B36001CF453 /* Sources */,
				84CCA53327083B36001CF453 /* Frameworks */,
				84CCA53427083B36001CF453 /* Resources */,
			);
			buildRules = (
			);
			dependencies = (
				84CCA53827083B36001CF453 /* PBXTargetDependency */,
			);
			name = ContactBookTests;
			productName = ContactBookTests;
			productReference = 84CCA53627083B36001CF453 /* ContactBookTests.xctest */;
			productType = "com.apple.product-type.bundle.unit-test";
		};
		84CCA54027083B37001CF453 /* ContactBookUITests */ = {
			isa = PBXNativeTarget;
			buildConfigurationList = 84CCA55027083B37001CF453 /* Build configuration list for PBXNativeTarget "ContactBookUITests" */;
			buildPhases = (
				84CCA53D27083B37001CF453 /* Sources */,
				84CCA53E27083B37001CF453 /* Frameworks */,
				84CCA53F27083B37001CF453 /* Resources */,
			);
			buildRules = (
			);
			dependencies = (
				84CCA54327083B37001CF453 /* PBXTargetDependency */,
			);
			name = ContactBookUITests;
			productName = ContactBookUITests;
			productReference = 84CCA54127083B37001CF453 /* ContactBookUITests.xctest */;
			productType = "com.apple.product-type.bundle.ui-testing";
		};
/* End PBXNativeTarget section */

/* Begin PBXProject section */
		84CCA51827083B32001CF453 /* Project object */ = {
			isa = PBXProject;
			attributes = {
				LastSwiftUpdateCheck = 1250;
				LastUpgradeCheck = 1250;
				TargetAttributes = {
					84CCA51F27083B32001CF453 = {
						CreatedOnToolsVersion = 12.5.1;
					};
					84CCA53527083B36001CF453 = {
						CreatedOnToolsVersion = 12.5.1;
						TestTargetID = 84CCA51F27083B32001CF453;
					};
					84CCA54027083B37001CF453 = {
						CreatedOnToolsVersion = 12.5.1;
						TestTargetID = 84CCA51F27083B32001CF453;
					};
				};
			};
			buildConfigurationList = 84CCA51B27083B32001CF453 /* Build configuration list for PBXProject "ContactBook" */;
			compatibilityVersion = "Xcode 9.3";
			developmentRegion = en;
			hasScannedForEncodings = 0;
			knownRegions = (
				en,
				Base,
			);
			mainGroup = 84CCA51727083B32001CF453;
			productRefGroup = 84CCA52127083B32001CF453 /* Products */;
			projectDirPath = "";
			projectRoot = "";
			targets = (
				84CCA51F27083B32001CF453 /* ContactBook */,
				84CCA53527083B36001CF453 /* ContactBookTests */,
				84CCA54027083B37001CF453 /* ContactBookUITests */,
			);
		};
/* End PBXProject section */

/* Begin PBXResourcesBuildPhase section */
		84CCA51E27083B32001CF453 /* Resources */ = {
			isa = PBXResourcesBuildPhase;
			buildActionMask = 2147483647;
			files = (
				84CCA53027083B36001CF453 /* LaunchScreen.storyboard in Resources */,
				84CCA52D27083B36001CF453 /* Assets.xcassets in Resources */,
				84CCA52B27083B32001CF453 /* Main.storyboard in Resources */,
			);
			runOnlyForDeploymentPostprocessing = 0;
		};
		84CCA53427083B36001CF453 /* Resources */ = {
			isa = PBXResourcesBuildPhase;
			buildActionMask = 2147483647;
			files = (
			);
			runOnlyForDeploymentPostprocessing = 0;
		};
		84CCA53F27083B37001CF453 /* Resources */ = {
			isa = PBXResourcesBuildPhase;
			buildActionMask = 2147483647;
			files = (
			);
			runOnlyForDeploymentPostprocessing = 0;
		};
/* End PBXResourcesBuildPhase section */

/* Begin PBXSourcesBuildPhase section */
		84CCA51C27083B32001CF453 /* Sources */ = {
			isa = PBXSourcesBuildPhase;
			buildActionMask = 2147483647;
			files = (
				84CCA52827083B32001CF453 /* ViewController.swift in Sources */,
				84CCA52427083B32001CF453 /* AppDelegate.swift in Sources */,
				84CCA52627083B32001CF453 /* SceneDelegate.swift in Sources */,
			);
			runOnlyForDeploymentPostprocessing = 0;
		};
		84CCA53227083B36001CF453 /* Sources */ = {
			isa = PBXSourcesBuildPhase;
			buildActionMask = 2147483647;
			files = (
				84CCA53B27083B36001CF453 /* ContactBookTests.swift in Sources */,
			);
			runOnlyForDeploymentPostprocessing = 0;
		};
		84CCA53D27083B37001CF453 /* Sources */ = {
			isa = PBXSourcesBuildPhase;
			buildActionMask = 2147483647;
			files = (
				84CCA54627083B37001CF453 /* ContactBookUITests.swift in Sources */,
			);
			runOnlyForDeploymentPostprocessing = 0;
		};
/* End PBXSourcesBuildPhase section */

/* Begin PBXTargetDependency section */
		84CCA53827083B36001CF453 /* PBXTargetDependency */ = {
			isa = PBXTargetDependency;
			target = 84CCA51F27083B32001CF453 /* ContactBook */;
			targetProxy = 84CCA53727083B36001CF453 /* PBXContainerItemProxy */;
		};
		84CCA54327083B37001CF453 /* PBXTargetDependency */ = {
			isa = PBXTargetDependency;
			target = 84CCA51F27083B32001CF453 /* ContactBook */;
			targetProxy = 84CCA54227083B37001CF453 /* PBXContainerItemProxy */;
		};
/* End PBXTargetDependency section */

/* Begin PBXVariantGroup section */
		84CCA52927083B32001CF453 /* Main.storyboard */ = {
			isa = PBXVariantGroup;
			children = (
				84CCA52A27083B32001CF453 /* Base */,
			);
			name = Main.storyboard;
			sourceTree = "<group>";
		};
		84CCA52E27083B36001CF453 /* LaunchScreen.storyboard */ = {
			isa = PBXVariantGroup;
			children = (
				84CCA52F27083B36001CF453 /* Base */,
			);
			name = LaunchScreen.storyboard;
			sourceTree = "<group>";
		};
/* End PBXVariantGroup section */

/* Begin XCBuildConfiguration section */
		84CCA54827083B37001CF453 /* Debug */ = {
			isa = XCBuildConfiguration;
			buildSettings = {
				ALWAYS_SEARCH_USER_PATHS = NO;
				CLANG_ANALYZER_NONNULL = YES;
				CLANG_ANALYZER_NUMBER_OBJECT_CONVERSION = YES_AGGRESSIVE;
				CLANG_CXX_LANGUAGE_STANDARD = "gnu++14";
				CLANG_CXX_LIBRARY = "libc++";
				CLANG_ENABLE_MODULES = YES;
				CLANG_ENABLE_OBJC_ARC = YES;
				CLANG_ENABLE_OBJC_WEAK = YES;
				CLANG_WARN_BLOCK_CAPTURE_AUTORELEASING = YES;
				CLANG_WARN_BOOL_CONVERSION = YES;
				CLANG_WARN_COMMA = YES;
				CLANG_WARN_CONSTANT_CONVERSION = YES;
				CLANG_WARN_DEPRECATED_OBJC_IMPLEMENTATIONS = YES;
				CLANG_WARN_DIRECT_OBJC_ISA_USAGE = YES_ERROR;
				CLANG_WARN_DOCUMENTATION_COMMENTS = YES;
				CLANG_WARN_EMPTY_BODY = YES;
				CLANG_WARN_ENUM_CONVERSION = YES;
				CLANG_WARN_INFINITE_RECURSION = YES;
				CLANG_WARN_INT_CONVERSION = YES;
				CLANG_WARN_NON_LITERAL_NULL_CONVERSION = YES;
				CLANG_WARN_OBJC_IMPLICIT_RETAIN_SELF = YES;
				CLANG_WARN_OBJC_LITERAL_CONVERSION = YES;
				CLANG_WARN_OBJC_ROOT_CLASS = YES_ERROR;
				CLANG_WARN_QUOTED_INCLUDE_IN_FRAMEWORK_HEADER = YES;
				CLANG_WARN_RANGE_LOOP_ANALYSIS = YES;
				CLANG_WARN_STRICT_PROTOTYPES = YES;
				CLANG_WARN_SUSPICIOUS_MOVE = YES;
				CLANG_WARN_UNGUARDED_AVAILABILITY = YES_AGGRESSIVE;
				CLANG_WARN_UNREACHABLE_CODE = YES;
				CLANG_WARN__DUPLICATE_METHOD_MATCH = YES;
				COPY_PHASE_STRIP = NO;
				DEBUG_INFORMATION_FORMAT = dwarf;
				ENABLE_STRICT_OBJC_MSGSEND = YES;
				ENABLE_TESTABILITY = YES;
				GCC_C_LANGUAGE_STANDARD = gnu11;
				GCC_DYNAMIC_NO_PIC = NO;
				GCC_NO_COMMON_BLOCKS = YES;
				GCC_OPTIMIZATION_LEVEL = 0;
				GCC_PREPROCESSOR_DEFINITIONS = (
					"DEBUG=1",
					"$(inherited)",
				);
				GCC_WARN_64_TO_32_BIT_CONVERSION = YES;
				GCC_WARN_ABOUT_RETURN_TYPE = YES_ERROR;
				GCC_WARN_UNDECLARED_SELECTOR = YES;
				GCC_WARN_UNINITIALIZED_AUTOS = YES_AGGRESSIVE;
				GCC_WARN_UNUSED_FUNCTION = YES;
				GCC_WARN_UNUSED_VARIABLE = YES;
				IPHONEOS_DEPLOYMENT_TARGET = 14.5;
				MTL_ENABLE_DEBUG_INFO = INCLUDE_SOURCE;
				MTL_FAST_MATH = YES;
				ONLY_ACTIVE_ARCH = YES;
				SDKROOT = iphoneos;
				SWIFT_ACTIVE_COMPILATION_CONDITIONS = DEBUG;
				SWIFT_OPTIMIZATION_LEVEL = "-Onone";
			};
			name = Debug;
		};
		84CCA54927083B37001CF453 /* Release */ = {
			isa = XCBuildConfiguration;
			buildSettings = {
				ALWAYS_SEARCH_USER_PATHS = NO;
				CLANG_ANALYZER_NONNULL = YES;
				CLANG_ANALYZER_NUMBER_OBJECT_CONVERSION = YES_AGGRESSIVE;
				CLANG_CXX_LANGUAGE_STANDARD = "gnu++14";
				CLANG_CXX_LIBRARY = "libc++";
				CLANG_ENABLE_MODULES = YES;
				CLANG_ENABLE_OBJC_ARC = YES;
				CLANG_ENABLE_OBJC_WEAK = YES;
				CLANG_WARN_BLOCK_CAPTURE_AUTORELEASING = YES;
				CLANG_WARN_BOOL_CONVERSION = YES;
				CLANG_WARN_COMMA = YES;
				CLANG_WARN_CONSTANT_CONVERSION = YES;
				CLANG_WARN_DEPRECATED_OBJC_IMPLEMENTATIONS = YES;
				CLANG_WARN_DIRECT_OBJC_ISA_USAGE = YES_ERROR;
				CLANG_WARN_DOCUMENTATION_COMMENTS = YES;
				CLANG_WARN_EMPTY_BODY = YES;
				CLANG_WARN_ENUM_CONVERSION = YES;
				CLANG_WARN_INFINITE_RECURSION = YES;
				CLANG_WARN_INT_CONVERSION = YES;
				CLANG_WARN_NON_LITERAL_NULL_CONVERSION = YES;
				CLANG_WARN_OBJC_IMPLICIT_RETAIN_SELF = YES;
				CLANG_WARN_OBJC_LITERAL_CONVERSION = YES;
				CLANG_WARN_OBJC_ROOT_CLASS = YES_ERROR;
				CLANG_WARN_QUOTED_INCLUDE_IN_FRAMEWORK_HEADER = YES;
				CLANG_WARN_RANGE_LOOP_ANALYSIS = YES;
				CLANG_WARN_STRICT_PROTOTYPES = YES;
				CLANG_WARN_SUSPICIOUS_MOVE = YES;
				CLANG_WARN_UNGUARDED_AVAILABILITY = YES_AGGRESSIVE;
				CLANG_WARN_UNREACHABLE_CODE = YES;
				CLANG_WARN__DUPLICATE_METHOD_MATCH = YES;
				COPY_PHASE_STRIP = NO;
				DEBUG_INFORMATION_FORMAT = "dwarf-with-dsym";
				ENABLE_NS_ASSERTIONS = NO;
				ENABLE_STRICT_OBJC_MSGSEND = YES;
				GCC_C_LANGUAGE_STANDARD = gnu11;
				GCC_NO_COMMON_BLOCKS = YES;
				GCC_WARN_64_TO_32_BIT_CONVERSION = YES;
				GCC_WARN_ABOUT_RETURN_TYPE = YES_ERROR;
				GCC_WARN_UNDECLARED_SELECTOR = YES;
				GCC_WARN_UNINITIALIZED_AUTOS = YES_AGGRESSIVE;
				GCC_WARN_UNUSED_FUNCTION = YES;
				GCC_WARN_UNUSED_VARIABLE = YES;
				IPHONEOS_DEPLOYMENT_TARGET = 14.5;
				MTL_ENABLE_DEBUG_INFO = NO;
				MTL_FAST_MATH = YES;
				SDKROOT = iphoneos;
				SWIFT_COMPILATION_MODE = wholemodule;
				SWIFT_OPTIMIZATION_LEVEL = "-O";
				VALIDATE_PRODUCT = YES;
			};
			name = Release;
		};
		84CCA54B27083B37001CF453 /* Debug */ = {
			isa = XCBuildConfiguration;
			buildSettings = {
				ASSETCATALOG_COMPILER_APPICON_NAME = AppIcon;
				ASSETCATALOG_COMPILER_GLOBAL_ACCENT_COLOR_NAME = AccentColor;
				CODE_SIGN_STYLE = Automatic;
				INFOPLIST_FILE = ContactBook/Info.plist;
				LD_RUNPATH_SEARCH_PATHS = (
					"$(inherited)",
					"@executable_path/Frameworks",
				);
				PRODUCT_BUNDLE_IDENTIFIER = QostanaiAlumni.ContactBook;
				PRODUCT_NAME = "$(TARGET_NAME)";
				SWIFT_VERSION = 5.0;
				TARGETED_DEVICE_FAMILY = "1,2";
			};
			name = Debug;
		};
		84CCA54C27083B37001CF453 /* Release */ = {
			isa = XCBuildConfiguration;
			buildSettings = {
				ASSETCATALOG_COMPILER_APPICON_NAME = AppIcon;
				ASSETCATALOG_COMPILER_GLOBAL_ACCENT_COLOR_NAME = AccentColor;
				CODE_SIGN_STYLE = Automatic;
				INFOPLIST_FILE = ContactBook/Info.plist;
				LD_RUNPATH_SEARCH_PATHS = (
					"$(inherited)",
					"@executable_path/Frameworks",
				);
				PRODUCT_BUNDLE_IDENTIFIER = QostanaiAlumni.ContactBook;
				PRODUCT_NAME = "$(TARGET_NAME)";
				SWIFT_VERSION = 5.0;
				TARGETED_DEVICE_FAMILY = "1,2";
			};
			name = Release;
		};
		84CCA54E27083B37001CF453 /* Debug */ = {
			isa = XCBuildConfiguration;
			buildSettings = {
				ALWAYS_EMBED_SWIFT_STANDARD_LIBRARIES = YES;
				BUNDLE_LOADER = "$(TEST_HOST)";
				CODE_SIGN_STYLE = Automatic;
				INFOPLIST_FILE = ContactBookTests/Info.plist;
				IPHONEOS_DEPLOYMENT_TARGET = 14.5;
				LD_RUNPATH_SEARCH_PATHS = (
					"$(inherited)",
					"@executable_path/Frameworks",
					"@loader_path/Frameworks",
				);
				PRODUCT_BUNDLE_IDENTIFIER = QostanaiAlumni.ContactBookTests;
				PRODUCT_NAME = "$(TARGET_NAME)";
				SWIFT_VERSION = 5.0;
				TARGETED_DEVICE_FAMILY = "1,2";
				TEST_HOST = "$(BUILT_PRODUCTS_DIR)/ContactBook.app/ContactBook";
			};
			name = Debug;
		};
		84CCA54F27083B37001CF453 /* Release */ = {
			isa = XCBuildConfiguration;
			buildSettings = {
				ALWAYS_EMBED_SWIFT_STANDARD_LIBRARIES = YES;
				BUNDLE_LOADER = "$(TEST_HOST)";
				CODE_SIGN_STYLE = Automatic;
				INFOPLIST_FILE = ContactBookTests/Info.plist;
				IPHONEOS_DEPLOYMENT_TARGET = 14.5;
				LD_RUNPATH_SEARCH_PATHS = (
					"$(inherited)",
					"@executable_path/Frameworks",
					"@loader_path/Frameworks",
				);
				PRODUCT_BUNDLE_IDENTIFIER = QostanaiAlumni.ContactBookTests;
				PRODUCT_NAME = "$(TARGET_NAME)";
				SWIFT_VERSION = 5.0;
				TARGETED_DEVICE_FAMILY = "1,2";
				TEST_HOST = "$(BUILT_PRODUCTS_DIR)/ContactBook.app/ContactBook";
			};
			name = Release;
		};
		84CCA55127083B37001CF453 /* Debug */ = {
			isa = XCBuildConfiguration;
			buildSettings = {
				ALWAYS_EMBED_SWIFT_STANDARD_LIBRARIES = YES;
				CODE_SIGN_STYLE = Automatic;
				INFOPLIST_FILE = ContactBookUITests/Info.plist;
				LD_RUNPATH_SEARCH_PATHS = (
					"$(inherited)",
					"@executable_path/Frameworks",
					"@loader_path/Frameworks",
				);
				PRODUCT_BUNDLE_IDENTIFIER = QostanaiAlumni.ContactBookUITests;
				PRODUCT_NAME = "$(TARGET_NAME)";
				SWIFT_VERSION = 5.0;
				TARGETED_DEVICE_FAMILY = "1,2";
				TEST_TARGET_NAME = ContactBook;
			};
			name = Debug;
		};
		84CCA55227083B37001CF453 /* Release */ = {
			isa = XCBuildConfiguration;
			buildSettings = {
				ALWAYS_EMBED_SWIFT_STANDARD_LIBRARIES = YES;
				CODE_SIGN_STYLE = Automatic;
				INFOPLIST_FILE = ContactBookUITests/Info.plist;
				LD_RUNPATH_SEARCH_PATHS = (
					"$(inherited)",
					"@executable_path/Frameworks",
					"@loader_path/Frameworks",
				);
				PRODUCT_BUNDLE_IDENTIFIER = QostanaiAlumni.ContactBookUITests;
				PRODUCT_NAME = "$(TARGET_NAME)";
				SWIFT_VERSION = 5.0;
				TARGETED_DEVICE_FAMILY = "1,2";
				TEST_TARGET_NAME = ContactBook;
			};
			name = Release;
		};
/* End XCBuildConfiguration section */

/* Begin XCConfigurationList section */
		84CCA51B27083B32001CF453 /* Build configuration list for PBXProject "ContactBook" */ = {
			isa = XCConfigurationList;
			buildConfigurations = (
				84CCA54827083B37001CF453 /* Debug */,
				84CCA54927083B37001CF453 /* Release */,
			);
			defaultConfigurationIsVisible = 0;
			defaultConfigurationName = Release;
		};
		84CCA54A27083B37001CF453 /* Build configuration list for PBXNativeTarget "ContactBook" */ = {
			isa = XCConfigurationList;
			buildConfigurations = (
				84CCA54B27083B37001CF453 /* Debug */,
				84CCA54C27083B37001CF453 /* Release */,
			);
			defaultConfigurationIsVisible = 0;
			defaultConfigurationName = Release;
		};
		84CCA54D27083B37001CF453 /* Build configuration list for PBXNativeTarget "ContactBookTests" */ = {
			isa = XCConfigurationList;
			buildConfigurations = (
				84CCA54E27083B37001CF453 /* Debug */,
				84CCA54F27083B37001CF453 /* Release */,
			);
			defaultConfigurationIsVisible = 0;
			defaultConfigurationName = Release;
		};
		84CCA55027083B37001CF453 /* Build configuration list for PBXNativeTarget "ContactBookUITests" */ = {
			isa = XCConfigurationList;
			buildConfigurations = (
				84CCA55127083B37001CF453 /* Debug */,
				84CCA55227083B37001CF453 /* Release */,
			);
			defaultConfigurationIsVisible = 0;
			defaultConfigurationName = Release;
		};
/* End XCConfigurationList section */
	};
	rootObject = 84CCA51827083B32001CF453 /* Project object */;
}
